
Microsoft Visual Studio Solution File, Format Version 12.00
# Visual Studio Version 16
VisualStudioVersion = 16.0.29709.97
MinimumVisualStudioVersion = 10.0.40219.1
Project("{FAE04EC0-301F-11D3-BF4B-00C04F79EFBC}") = "Sundo parcial aplicada", "Sundo parcial aplicada\Sundo parcial aplicada.csproj", "{82163418-F9E5-410D-9CA5-F1EA28ED7F32}"
EndProject
Global
	GlobalSection(SolutionConfigurationPlatforms) = preSolution
		Debug|Any CPU = Debug|Any CPU
		Release|Any CPU = Release|Any CPU
	EndGlobalSection
	GlobalSection(ProjectConfigurationPlatforms) = postSolution
		{82163418-F9E5-410D-9CA5-F1EA28ED7F32}.Debug|Any CPU.ActiveCfg = Debug|Any CPU
		{82163418-F9E5-410D-9CA5-F1EA28ED7F32}.Debug|Any CPU.Build.0 = Debug|Any CPU
		{82163418-F9E5-410D-9CA5-F1EA28ED7F32}.Release|Any CPU.ActiveCfg = Release|Any CPU
		{82163418-F9E5-410D-9CA5-F1EA28ED7F32}.Release|Any CPU.Build.0 = Release|Any CPU
	EndGlobalSection
	GlobalSection(SolutionProperties) = preSolution
		HideSolutionNode = FALSE
	EndGlobalSection
	GlobalSection(ExtensibilityGlobals) = postSolution
		SolutionGuid = {D77E3E9E-66E0-402F-85B5-00DB2161B355}
	EndGlobalSection
EndGlobal
